{
  "name": "@sivarajans/hash-table",
  "version": "1.0.2",
  "lockfileVersion": 1,
  "requires": true,
  "dependencies": {
    "@sivarajans/linked-list": {
      "version": "1.0.2",
      "resolved": "https://registry.npmjs.org/@sivarajans/linked-list/-/linked-list-1.0.2.tgz",
      "integrity": "sha512-XQ67bQb1CS+veFRoZmJsiiX87iJkGQM9AW9J9byajw6nt31KlvWvEhfNLl4fhx8FTzbSOjyrJjhT0fJ+QWWmiQ=="
    }
  }
}
