{
  "name": "@sivarajans/hash-table",
  "version": "1.0.2",
  "lockfileVersion": 1,
  "requires": true,
  "dependencies": {
    "@sivarajans/linked-list": {
      "version": "1.0.1",
      "resolved": "https://registry.npmjs.org/@sivarajans/linked-list/-/linked-list-1.0.1.tgz",
      "integrity": "sha512-smU+BAlNfDGoEh0VT2VIhc6yCQ8TSsAhkgfapyFSrPWRy9rMAlsXZ4TveoxWVvbYHCXAVVH/iIxTrnFLZFsIIQ=="
    }
  }
}
